
Microsoft Visual Studio Solution File, Format Version 12.00
# Visual Studio Version 16
VisualStudioVersion = 16.0.30309.148
MinimumVisualStudioVersion = 10.0.40219.1
Project("{FAE04EC0-301F-11D3-BF4B-00C04F79EFBC}") = "BlogSite", "BlogSite\BlogSite.csproj", "{6A93DA5E-0F0D-4E3B-842C-FB07894C6811}"
EndProject
Global
	GlobalSection(SolutionConfigurationPlatforms) = preSolution
		Debug|Any CPU = Debug|Any CPU
		Release|Any CPU = Release|Any CPU
	EndGlobalSection
	GlobalSection(ProjectConfigurationPlatforms) = postSolution
		{6A93DA5E-0F0D-4E3B-842C-FB07894C6811}.Debug|Any CPU.ActiveCfg = Debug|Any CPU
		{6A93DA5E-0F0D-4E3B-842C-FB07894C6811}.Debug|Any CPU.Build.0 = Debug|Any CPU
		{6A93DA5E-0F0D-4E3B-842C-FB07894C6811}.Release|Any CPU.ActiveCfg = Release|Any CPU
		{6A93DA5E-0F0D-4E3B-842C-FB07894C6811}.Release|Any CPU.Build.0 = Release|Any CPU
	EndGlobalSection
	GlobalSection(SolutionProperties) = preSolution
		HideSolutionNode = FALSE
	EndGlobalSection
	GlobalSection(ExtensibilityGlobals) = postSolution
		SolutionGuid = {2BC1C339-599E-4F9B-B572-059E36788095}
	EndGlobalSection
EndGlobal
